{
  "version": 4,
  "terraform_version": "1.6.6",
  "serial": 134,
  "lineage": "da5ff713-328c-6375-4a88-da9822b79fd1",
  "outputs": {},
  "resources": [
    {
      "mode": "managed",
      "type": "maas_dns_domain",
      "name": "runsensibletest",
      "provider": "provider[\"registry.terraform.io/maas/maas\"]",
      "instances": [
        {
          "schema_version": 0,
          "attributes": {
            "authoritative": true,
            "id": "6",
            "is_default": false,
            "name": "runsensibletest",
            "ttl": 3600
          },
          "sensitive_attributes": [],
          "private": "bnVsbA=="
        }
      ]
    },
    {
      "mode": "managed",
      "type": "maas_dns_record",
      "name": "test_a",
      "provider": "provider[\"registry.terraform.io/maas/maas\"]",
      "instances": [
        {
          "schema_version": 0,
          "attributes": {
            "data": "10.10.12.33",
            "domain": null,
            "fqdn": "test-a.runsensibletest",
            "id": "6",
            "name": null,
            "ttl": null,
            "type": "A/AAAA"
          },
          "sensitive_attributes": [],
          "private": "bnVsbA==",
          "dependencies": [
            "maas_dns_domain.runsensibletest"
          ]
        }
      ]
    },
    {
      "mode": "managed",
      "type": "maas_fabric",
      "name": "tf_fabric",
      "provider": "provider[\"registry.terraform.io/maas/maas\"]",
      "instances": [
        {
          "schema_version": 0,
          "attributes": {
            "id": "9",
            "name": "tf-fabric"
          },
          "sensitive_attributes": [],
          "private": "bnVsbA=="
        }
      ]
    },
    {
      "mode": "managed",
      "type": "maas_space",
      "name": "tf_space",
      "provider": "provider[\"registry.terraform.io/maas/maas\"]",
      "instances": [
        {
          "schema_version": 0,
          "attributes": {
            "id": "9",
            "name": "tf-space"
          },
          "sensitive_attributes": [],
          "private": "bnVsbA=="
        }
      ]
    },
    {
      "mode": "managed",
      "type": "maas_subnet",
      "name": "tf_subnet",
      "provider": "provider[\"registry.terraform.io/maas/maas\"]",
      "instances": [
        {
          "schema_version": 0,
          "attributes": {
            "allow_dns": true,
            "allow_proxy": true,
            "cidr": "10.10.12.0/24",
            "dns_servers": [
              "1.1.1.1",
              "8.8.8.8"
            ],
            "fabric": "9",
            "gateway_ip": "10.10.12.1",
            "id": "10",
            "ip_ranges": [
              {
                "comment": "",
                "end_ip": "10.10.12.220",
                "start_ip": "10.10.12.150",
                "type": "dynamic"
              },
              {
                "comment": "",
                "end_ip": "10.10.12.80",
                "start_ip": "10.10.12.10",
                "type": "reserved"
              }
            ],
            "name": "tf_subnet",
            "rdns_mode": 2,
            "vlan": "2"
          },
          "sensitive_attributes": [],
          "private": "bnVsbA==",
          "dependencies": [
            "maas_fabric.tf_fabric",
            "maas_space.tf_space",
            "maas_vlan.tf_vlan2"
          ]
        }
      ]
    },
    {
      "mode": "managed",
      "type": "maas_vlan",
      "name": "tf_vlan2",
      "provider": "provider[\"registry.terraform.io/maas/maas\"]",
      "instances": [
        {
          "schema_version": 0,
          "attributes": {
            "dhcp_on": false,
            "fabric": "9",
            "id": "19",
            "mtu": 1500,
            "name": "tf-vlan2",
            "space": "tf-space",
            "vid": 2
          },
          "sensitive_attributes": [],
          "private": "bnVsbA==",
          "dependencies": [
            "maas_fabric.tf_fabric",
            "maas_space.tf_space"
          ]
        }
      ]
    },
    {
      "mode": "managed",
      "type": "maas_vm_host",
      "name": "kvm",
      "provider": "provider[\"registry.terraform.io/maas/maas\"]",
      "instances": [
        {
          "schema_version": 0,
          "attributes": {
            "cpu_over_commit_ratio": 1,
            "default_macvlan_mode": "",
            "id": "17",
            "machine": null,
            "memory_over_commit_ratio": 1,
            "name": "mint-stag",
            "pool": "default",
            "power_address": "qemu+ssh://ubuntu@10.10.12.33/system",
            "power_pass": null,
            "power_user": null,
            "resources_cores_total": 0,
            "resources_local_storage_total": 0,
            "resources_memory_total": 0,
            "tags": [
              "kvm",
              "pod-console-logging",
              "virtual"
            ],
            "type": "virsh",
            "zone": "default"
          },
          "sensitive_attributes": [],
          "private": "bnVsbA=="
        }
      ]
    }
  ],
  "check_results": null
}
